
Microsoft Visual Studio Solution File, Format Version 12.00
# Visual Studio Version 16
VisualStudioVersion = 16.0.28803.352
MinimumVisualStudioVersion = 10.0.40219.1
Project("{FAE04EC0-301F-11D3-BF4B-00C04F79EFBC}") = "FileSort", "FileSort\FileSort.csproj", "{AACAA4A9-7720-40EE-B2D2-EE84ADC058F5}"
EndProject
Project("{FAE04EC0-301F-11D3-BF4B-00C04F79EFBC}") = "FileSort.UnitTests", "FileSort.UnitTests\FileSort.UnitTests.csproj", "{37135626-6825-4183-A96A-20ECDBA9D617}"
EndProject
Project("{FAE04EC0-301F-11D3-BF4B-00C04F79EFBC}") = "FileSort.IntegrationTests", "FileSort.IntegrationTests\FileSort.IntegrationTests.csproj", "{156FC266-6E2D-4629-AFDE-5A085506C760}"
EndProject
Project("{FAE04EC0-301F-11D3-BF4B-00C04F79EFBC}") = "FileGenerate", "FileGenerate\FileGenerate.csproj", "{16098CF8-F428-4DB6-B17E-915A74EAD378}"
EndProject
Project("{FAE04EC0-301F-11D3-BF4B-00C04F79EFBC}") = "FileCheck", "FileCheck\FileCheck.csproj", "{88B760E6-5F7B-43A9-B3EA-EBBC7BD97E7E}"
EndProject
Project("{9A19103F-16F7-4668-BE54-9A1E7A4F7556}") = "FileSort.Core", "FileSort.Core\FileSort.Core.csproj", "{A53F97AA-FE9E-4716-80CC-946368C508C0}"
EndProject
Project("{FAE04EC0-301F-11D3-BF4B-00C04F79EFBC}") = "FileGenerate.UnitTests", "FileGenerate.UnitTests\FileGenerate.UnitTests.csproj", "{FC2BA532-956E-4207-B183-F5FEDE6653D3}"
EndProject
Global
	GlobalSection(SolutionConfigurationPlatforms) = preSolution
		Debug|Any CPU = Debug|Any CPU
		Release|Any CPU = Release|Any CPU
	EndGlobalSection
	GlobalSection(ProjectConfigurationPlatforms) = postSolution
		{AACAA4A9-7720-40EE-B2D2-EE84ADC058F5}.Debug|Any CPU.ActiveCfg = Debug|Any CPU
		{AACAA4A9-7720-40EE-B2D2-EE84ADC058F5}.Debug|Any CPU.Build.0 = Debug|Any CPU
		{AACAA4A9-7720-40EE-B2D2-EE84ADC058F5}.Release|Any CPU.ActiveCfg = Release|Any CPU
		{AACAA4A9-7720-40EE-B2D2-EE84ADC058F5}.Release|Any CPU.Build.0 = Release|Any CPU
		{37135626-6825-4183-A96A-20ECDBA9D617}.Debug|Any CPU.ActiveCfg = Debug|Any CPU
		{37135626-6825-4183-A96A-20ECDBA9D617}.Debug|Any CPU.Build.0 = Debug|Any CPU
		{37135626-6825-4183-A96A-20ECDBA9D617}.Release|Any CPU.ActiveCfg = Release|Any CPU
		{37135626-6825-4183-A96A-20ECDBA9D617}.Release|Any CPU.Build.0 = Release|Any CPU
		{156FC266-6E2D-4629-AFDE-5A085506C760}.Debug|Any CPU.ActiveCfg = Debug|Any CPU
		{156FC266-6E2D-4629-AFDE-5A085506C760}.Debug|Any CPU.Build.0 = Debug|Any CPU
		{156FC266-6E2D-4629-AFDE-5A085506C760}.Release|Any CPU.ActiveCfg = Release|Any CPU
		{156FC266-6E2D-4629-AFDE-5A085506C760}.Release|Any CPU.Build.0 = Release|Any CPU
		{16098CF8-F428-4DB6-B17E-915A74EAD378}.Debug|Any CPU.ActiveCfg = Debug|Any CPU
		{16098CF8-F428-4DB6-B17E-915A74EAD378}.Debug|Any CPU.Build.0 = Debug|Any CPU
		{16098CF8-F428-4DB6-B17E-915A74EAD378}.Release|Any CPU.ActiveCfg = Release|Any CPU
		{16098CF8-F428-4DB6-B17E-915A74EAD378}.Release|Any CPU.Build.0 = Release|Any CPU
		{88B760E6-5F7B-43A9-B3EA-EBBC7BD97E7E}.Debug|Any CPU.ActiveCfg = Debug|Any CPU
		{88B760E6-5F7B-43A9-B3EA-EBBC7BD97E7E}.Debug|Any CPU.Build.0 = Debug|Any CPU
		{88B760E6-5F7B-43A9-B3EA-EBBC7BD97E7E}.Release|Any CPU.ActiveCfg = Release|Any CPU
		{88B760E6-5F7B-43A9-B3EA-EBBC7BD97E7E}.Release|Any CPU.Build.0 = Release|Any CPU
		{A53F97AA-FE9E-4716-80CC-946368C508C0}.Debug|Any CPU.ActiveCfg = Debug|Any CPU
		{A53F97AA-FE9E-4716-80CC-946368C508C0}.Debug|Any CPU.Build.0 = Debug|Any CPU
		{A53F97AA-FE9E-4716-80CC-946368C508C0}.Release|Any CPU.ActiveCfg = Release|Any CPU
		{A53F97AA-FE9E-4716-80CC-946368C508C0}.Release|Any CPU.Build.0 = Release|Any CPU
		{FC2BA532-956E-4207-B183-F5FEDE6653D3}.Debug|Any CPU.ActiveCfg = Debug|Any CPU
		{FC2BA532-956E-4207-B183-F5FEDE6653D3}.Debug|Any CPU.Build.0 = Debug|Any CPU
		{FC2BA532-956E-4207-B183-F5FEDE6653D3}.Release|Any CPU.ActiveCfg = Release|Any CPU
		{FC2BA532-956E-4207-B183-F5FEDE6653D3}.Release|Any CPU.Build.0 = Release|Any CPU
	EndGlobalSection
	GlobalSection(SolutionProperties) = preSolution
		HideSolutionNode = FALSE
	EndGlobalSection
	GlobalSection(ExtensibilityGlobals) = postSolution
		SolutionGuid = {8148F8F4-ACDC-4957-836D-5071CA36CBC1}
	EndGlobalSection
EndGlobal
